
Microsoft Visual Studio Solution File, Format Version 12.00
# Visual Studio Version 17
VisualStudioVersion = 17.3.32721.290
MinimumVisualStudioVersion = 10.0.40219.1
Project("{FAE04EC0-301F-11D3-BF4B-00C04F79EFBC}") = "vkSender", "vkSender\vkSender.csproj", "{7588EBDC-1347-4135-A7F0-E7559446B695}"
EndProject
Global
	GlobalSection(SolutionConfigurationPlatforms) = preSolution
		Debug|Any CPU = Debug|Any CPU
		Release|Any CPU = Release|Any CPU
	EndGlobalSection
	GlobalSection(ProjectConfigurationPlatforms) = postSolution
		{7588EBDC-1347-4135-A7F0-E7559446B695}.Debug|Any CPU.ActiveCfg = Debug|Any CPU
		{7588EBDC-1347-4135-A7F0-E7559446B695}.Debug|Any CPU.Build.0 = Debug|Any CPU
		{7588EBDC-1347-4135-A7F0-E7559446B695}.Release|Any CPU.ActiveCfg = Release|Any CPU
		{7588EBDC-1347-4135-A7F0-E7559446B695}.Release|Any CPU.Build.0 = Release|Any CPU
	EndGlobalSection
	GlobalSection(SolutionProperties) = preSolution
		HideSolutionNode = FALSE
	EndGlobalSection
	GlobalSection(ExtensibilityGlobals) = postSolution
		SolutionGuid = {E7B62215-BCCC-4705-B785-E21710042CBD}
	EndGlobalSection
EndGlobal
